// !$*UTF8*$!
{
	archiveVersion = 1;
	classes = {
	};
	objectVersion = 46;
	objects = {

/* Begin PBXBuildFile section */
		175178E1CABD22CF9E6F3968 /* Pods_WasteTimeRecognizerTests.framework in Frameworks */ = {isa = PBXBuildFile; fileRef = 27D329328D43927745BB05CC /* Pods_WasteTimeRecognizerTests.framework */; };
		542D437B3777244B87888C1A /* Pods_WasteTimeRecognizerUITests.framework in Frameworks */ = {isa = PBXBuildFile; fileRef = 58D287B7D91564F9C6025B51 /* Pods_WasteTimeRecognizerUITests.framework */; };
		B50028671D03355B006AFDAD /* NotificationCenter.swift in Sources */ = {isa = PBXBuildFile; fileRef = B50028661D03355B006AFDAD /* NotificationCenter.swift */; };
		B50028691D035AE8006AFDAD /* NSDateExtensionTest.swift in Sources */ = {isa = PBXBuildFile; fileRef = B50028681D035AE8006AFDAD /* NSDateExtensionTest.swift */; };
		B51E8DB91D00E76300460028 /* AppDelegate.swift in Sources */ = {isa = PBXBuildFile; fileRef = B51E8DB81D00E76300460028 /* AppDelegate.swift */; };
		B51E8DBB1D00E76300460028 /* NotesViewController.swift in Sources */ = {isa = PBXBuildFile; fileRef = B51E8DBA1D00E76300460028 /* NotesViewController.swift */; };
		B51E8DBE1D00E76300460028 /* Main.storyboard in Resources */ = {isa = PBXBuildFile; fileRef = B51E8DBC1D00E76300460028 /* Main.storyboard */; };
		B51E8DC01D00E76300460028 /* Assets.xcassets in Resources */ = {isa = PBXBuildFile; fileRef = B51E8DBF1D00E76300460028 /* Assets.xcassets */; };
		B51E8DC31D00E76300460028 /* LaunchScreen.storyboard in Resources */ = {isa = PBXBuildFile; fileRef = B51E8DC11D00E76300460028 /* LaunchScreen.storyboard */; };
		B51E8DCE1D00E76300460028 /* WasteTimeRecognizerTests.swift in Sources */ = {isa = PBXBuildFile; fileRef = B51E8DCD1D00E76300460028 /* WasteTimeRecognizerTests.swift */; };
		B51E8DD91D00E76300460028 /* WasteTimeRecognizerUITests.swift in Sources */ = {isa = PBXBuildFile; fileRef = B51E8DD81D00E76300460028 /* WasteTimeRecognizerUITests.swift */; };
		B52595111D00EB9800C04060 /* NoteCell.swift in Sources */ = {isa = PBXBuildFile; fileRef = B52595101D00EB9800C04060 /* NoteCell.swift */; };
		B52595131D00ED6900C04060 /* AddNoteViewController.swift in Sources */ = {isa = PBXBuildFile; fileRef = B52595121D00ED6900C04060 /* AddNoteViewController.swift */; };
		B52595151D00EEC300C04060 /* Note.swift in Sources */ = {isa = PBXBuildFile; fileRef = B52595141D00EEC300C04060 /* Note.swift */; };
		B52595171D00EF0000C04060 /* DataManager.swift in Sources */ = {isa = PBXBuildFile; fileRef = B52595161D00EF0000C04060 /* DataManager.swift */; };
		B525951A1D00F11700C04060 /* NSDate+WTR.swift in Sources */ = {isa = PBXBuildFile; fileRef = B52595191D00F11700C04060 /* NSDate+WTR.swift */; };
		B5EA70E91D036BF20073CEB2 /* DataManagerTest.swift in Sources */ = {isa = PBXBuildFile; fileRef = B5EA70E81D036BF20073CEB2 /* DataManagerTest.swift */; };
		B5EA70EB1D038BA90073CEB2 /* WeekDay.swift in Sources */ = {isa = PBXBuildFile; fileRef = B5EA70EA1D038BA90073CEB2 /* WeekDay.swift */; };
		B5EA70EE1D038F4E0073CEB2 /* ToStringConvertible.swift in Sources */ = {isa = PBXBuildFile; fileRef = B5EA70ED1D038F4E0073CEB2 /* ToStringConvertible.swift */; };
		B5EA70F01D0394790073CEB2 /* Misc.swift in Sources */ = {isa = PBXBuildFile; fileRef = B5EA70EF1D0394790073CEB2 /* Misc.swift */; };
		B5EA70F41D03981C0073CEB2 /* WeekDayTest.swift in Sources */ = {isa = PBXBuildFile; fileRef = B5EA70F31D03981C0073CEB2 /* WeekDayTest.swift */; };
		EB856A319EFDE380EC8E0DAF /* Pods_WasteTimeRecognizer.framework in Frameworks */ = {isa = PBXBuildFile; fileRef = F062B6772AEAA0929990006D /* Pods_WasteTimeRecognizer.framework */; };
/* End PBXBuildFile section */

/* Begin PBXContainerItemProxy section */
		B51E8DCA1D00E76300460028 /* PBXContainerItemProxy */ = {
			isa = PBXContainerItemProxy;
			containerPortal = B51E8DAD1D00E76300460028 /* Project object */;
			proxyType = 1;
			remoteGlobalIDString = B51E8DB41D00E76300460028;
			remoteInfo = WasteTimeRecognizer;
		};
		B51E8DD51D00E76300460028 /* PBXContainerItemProxy */ = {
			isa = PBXContainerItemProxy;
			containerPortal = B51E8DAD1D00E76300460028 /* Project object */;
			proxyType = 1;
			remoteGlobalIDString = B51E8DB41D00E76300460028;
			remoteInfo = WasteTimeRecognizer;
		};
/* End PBXContainerItemProxy section */

/* Begin PBXFileReference section */
		07FF337EEDC2A4D40BB42FF6 /* Pods-WasteTimeRecognizer.release.xcconfig */ = {isa = PBXFileReference; includeInIndex = 1; lastKnownFileType = text.xcconfig; name = "Pods-WasteTimeRecognizer.release.xcconfig"; path = "Pods/Target Support Files/Pods-WasteTimeRecognizer/Pods-WasteTimeRecognizer.release.xcconfig"; sourceTree = "<group>"; };
		27D329328D43927745BB05CC /* Pods_WasteTimeRecognizerTests.framework */ = {isa = PBXFileReference; explicitFileType = wrapper.framework; includeInIndex = 0; path = Pods_WasteTimeRecognizerTests.framework; sourceTree = BUILT_PRODUCTS_DIR; };
		3CDEF132CF37A94BBC2DF8CA /* Pods-WasteTimeRecognizerUITests.release.xcconfig */ = {isa = PBXFileReference; includeInIndex = 1; lastKnownFileType = text.xcconfig; name = "Pods-WasteTimeRecognizerUITests.release.xcconfig"; path = "Pods/Target Support Files/Pods-WasteTimeRecognizerUITests/Pods-WasteTimeRecognizerUITests.release.xcconfig"; sourceTree = "<group>"; };
		58D287B7D91564F9C6025B51 /* Pods_WasteTimeRecognizerUITests.framework */ = {isa = PBXFileReference; explicitFileType = wrapper.framework; includeInIndex = 0; path = Pods_WasteTimeRecognizerUITests.framework; sourceTree = BUILT_PRODUCTS_DIR; };
		6CFFAA97C551A826E68156B1 /* Pods-WasteTimeRecognizer.debug.xcconfig */ = {isa = PBXFileReference; includeInIndex = 1; lastKnownFileType = text.xcconfig; name = "Pods-WasteTimeRecognizer.debug.xcconfig"; path = "Pods/Target Support Files/Pods-WasteTimeRecognizer/Pods-WasteTimeRecognizer.debug.xcconfig"; sourceTree = "<group>"; };
		79ED8C689A2E40A4F92677E5 /* Pods-WasteTimeRecognizerTests.debug.xcconfig */ = {isa = PBXFileReference; includeInIndex = 1; lastKnownFileType = text.xcconfig; name = "Pods-WasteTimeRecognizerTests.debug.xcconfig"; path = "Pods/Target Support Files/Pods-WasteTimeRecognizerTests/Pods-WasteTimeRecognizerTests.debug.xcconfig"; sourceTree = "<group>"; };
		834F3BB5C1FA82C75DFA7409 /* Pods-WasteTimeRecognizerTests.release.xcconfig */ = {isa = PBXFileReference; includeInIndex = 1; lastKnownFileType = text.xcconfig; name = "Pods-WasteTimeRecognizerTests.release.xcconfig"; path = "Pods/Target Support Files/Pods-WasteTimeRecognizerTests/Pods-WasteTimeRecognizerTests.release.xcconfig"; sourceTree = "<group>"; };
		B50028661D03355B006AFDAD /* NotificationCenter.swift */ = {isa = PBXFileReference; fileEncoding = 4; lastKnownFileType = sourcecode.swift; path = NotificationCenter.swift; sourceTree = "<group>"; };
		B50028681D035AE8006AFDAD /* NSDateExtensionTest.swift */ = {isa = PBXFileReference; fileEncoding = 4; lastKnownFileType = sourcecode.swift; path = NSDateExtensionTest.swift; sourceTree = "<group>"; };
		B51E8DB51D00E76300460028 /* WasteTimeRecognizer.app */ = {isa = PBXFileReference; explicitFileType = wrapper.application; includeInIndex = 0; path = WasteTimeRecognizer.app; sourceTree = BUILT_PRODUCTS_DIR; };
		B51E8DB81D00E76300460028 /* AppDelegate.swift */ = {isa = PBXFileReference; lastKnownFileType = sourcecode.swift; path = AppDelegate.swift; sourceTree = "<group>"; };
		B51E8DBA1D00E76300460028 /* NotesViewController.swift */ = {isa = PBXFileReference; lastKnownFileType = sourcecode.swift; path = NotesViewController.swift; sourceTree = "<group>"; };
		B51E8DBD1D00E76300460028 /* Base */ = {isa = PBXFileReference; lastKnownFileType = file.storyboard; name = Base; path = Base.lproj/Main.storyboard; sourceTree = "<group>"; };
		B51E8DBF1D00E76300460028 /* Assets.xcassets */ = {isa = PBXFileReference; lastKnownFileType = folder.assetcatalog; path = Assets.xcassets; sourceTree = "<group>"; };
		B51E8DC21D00E76300460028 /* Base */ = {isa = PBXFileReference; lastKnownFileType = file.storyboard; name = Base; path = Base.lproj/LaunchScreen.storyboard; sourceTree = "<group>"; };
		B51E8DC41D00E76300460028 /* Info.plist */ = {isa = PBXFileReference; lastKnownFileType = text.plist.xml; path = Info.plist; sourceTree = "<group>"; };
		B51E8DC91D00E76300460028 /* WasteTimeRecognizerTests.xctest */ = {isa = PBXFileReference; explicitFileType = wrapper.cfbundle; includeInIndex = 0; path = WasteTimeRecognizerTests.xctest; sourceTree = BUILT_PRODUCTS_DIR; };
		B51E8DCD1D00E76300460028 /* WasteTimeRecognizerTests.swift */ = {isa = PBXFileReference; lastKnownFileType = sourcecode.swift; path = WasteTimeRecognizerTests.swift; sourceTree = "<group>"; };
		B51E8DCF1D00E76300460028 /* Info.plist */ = {isa = PBXFileReference; lastKnownFileType = text.plist.xml; path = Info.plist; sourceTree = "<group>"; };
		B51E8DD41D00E76300460028 /* WasteTimeRecognizerUITests.xctest */ = {isa = PBXFileReference; explicitFileType = wrapper.cfbundle; includeInIndex = 0; path = WasteTimeRecognizerUITests.xctest; sourceTree = BUILT_PRODUCTS_DIR; };
		B51E8DD81D00E76300460028 /* WasteTimeRecognizerUITests.swift */ = {isa = PBXFileReference; lastKnownFileType = sourcecode.swift; path = WasteTimeRecognizerUITests.swift; sourceTree = "<group>"; };
		B51E8DDA1D00E76300460028 /* Info.plist */ = {isa = PBXFileReference; lastKnownFileType = text.plist.xml; path = Info.plist; sourceTree = "<group>"; };
		B52595101D00EB9800C04060 /* NoteCell.swift */ = {isa = PBXFileReference; fileEncoding = 4; lastKnownFileType = sourcecode.swift; path = NoteCell.swift; sourceTree = "<group>"; };
		B52595121D00ED6900C04060 /* AddNoteViewController.swift */ = {isa = PBXFileReference; fileEncoding = 4; lastKnownFileType = sourcecode.swift; path = AddNoteViewController.swift; sourceTree = "<group>"; };
		B52595141D00EEC300C04060 /* Note.swift */ = {isa = PBXFileReference; fileEncoding = 4; lastKnownFileType = sourcecode.swift; path = Note.swift; sourceTree = "<group>"; };
		B52595161D00EF0000C04060 /* DataManager.swift */ = {isa = PBXFileReference; fileEncoding = 4; lastKnownFileType = sourcecode.swift; path = DataManager.swift; sourceTree = "<group>"; };
		B52595191D00F11700C04060 /* NSDate+WTR.swift */ = {isa = PBXFileReference; fileEncoding = 4; lastKnownFileType = sourcecode.swift; path = "NSDate+WTR.swift"; sourceTree = "<group>"; };
		B5EA70E81D036BF20073CEB2 /* DataManagerTest.swift */ = {isa = PBXFileReference; fileEncoding = 4; lastKnownFileType = sourcecode.swift; path = DataManagerTest.swift; sourceTree = "<group>"; };
		B5EA70EA1D038BA90073CEB2 /* WeekDay.swift */ = {isa = PBXFileReference; fileEncoding = 4; lastKnownFileType = sourcecode.swift; path = WeekDay.swift; sourceTree = "<group>"; };
		B5EA70ED1D038F4E0073CEB2 /* ToStringConvertible.swift */ = {isa = PBXFileReference; fileEncoding = 4; lastKnownFileType = sourcecode.swift; path = ToStringConvertible.swift; sourceTree = "<group>"; };
		B5EA70EF1D0394790073CEB2 /* Misc.swift */ = {isa = PBXFileReference; fileEncoding = 4; lastKnownFileType = sourcecode.swift; path = Misc.swift; sourceTree = "<group>"; };
		B5EA70F31D03981C0073CEB2 /* WeekDayTest.swift */ = {isa = PBXFileReference; fileEncoding = 4; lastKnownFileType = sourcecode.swift; path = WeekDayTest.swift; sourceTree = "<group>"; };
		E965C7534A88C248506FFED9 /* Pods-WasteTimeRecognizerUITests.debug.xcconfig */ = {isa = PBXFileReference; includeInIndex = 1; lastKnownFileType = text.xcconfig; name = "Pods-WasteTimeRecognizerUITests.debug.xcconfig"; path = "Pods/Target Support Files/Pods-WasteTimeRecognizerUITests/Pods-WasteTimeRecognizerUITests.debug.xcconfig"; sourceTree = "<group>"; };
		F062B6772AEAA0929990006D /* Pods_WasteTimeRecognizer.framework */ = {isa = PBXFileReference; explicitFileType = wrapper.framework; includeInIndex = 0; path = Pods_WasteTimeRecognizer.framework; sourceTree = BUILT_PRODUCTS_DIR; };
/* End PBXFileReference section */

/* Begin PBXFrameworksBuildPhase section */
		B51E8DB21D00E76300460028 /* Frameworks */ = {
			isa = PBXFrameworksBuildPhase;
			buildActionMask = 2147483647;
			files = (
				EB856A319EFDE380EC8E0DAF /* Pods_WasteTimeRecognizer.framework in Frameworks */,
			);
			runOnlyForDeploymentPostprocessing = 0;
		};
		B51E8DC61D00E76300460028 /* Frameworks */ = {
			isa = PBXFrameworksBuildPhase;
			buildActionMask = 2147483647;
			files = (
				175178E1CABD22CF9E6F3968 /* Pods_WasteTimeRecognizerTests.framework in Frameworks */,
			);
			runOnlyForDeploymentPostprocessing = 0;
		};
		B51E8DD11D00E76300460028 /* Frameworks */ = {
			isa = PBXFrameworksBuildPhase;
			buildActionMask = 2147483647;
			files = (
				542D437B3777244B87888C1A /* Pods_WasteTimeRecognizerUITests.framework in Frameworks */,
			);
			runOnlyForDeploymentPostprocessing = 0;
		};
/* End PBXFrameworksBuildPhase section */

/* Begin PBXGroup section */
		8812B9F80D3AA8B4033F876A /* Pods */ = {
			isa = PBXGroup;
			children = (
				6CFFAA97C551A826E68156B1 /* Pods-WasteTimeRecognizer.debug.xcconfig */,
				07FF337EEDC2A4D40BB42FF6 /* Pods-WasteTimeRecognizer.release.xcconfig */,
				79ED8C689A2E40A4F92677E5 /* Pods-WasteTimeRecognizerTests.debug.xcconfig */,
				834F3BB5C1FA82C75DFA7409 /* Pods-WasteTimeRecognizerTests.release.xcconfig */,
				E965C7534A88C248506FFED9 /* Pods-WasteTimeRecognizerUITests.debug.xcconfig */,
				3CDEF132CF37A94BBC2DF8CA /* Pods-WasteTimeRecognizerUITests.release.xcconfig */,
			);
			name = Pods;
			sourceTree = "<group>";
		};
		B50028651D033543006AFDAD /* Utils */ = {
			isa = PBXGroup;
			children = (
				B50028661D03355B006AFDAD /* NotificationCenter.swift */,
			);
			name = Utils;
			sourceTree = "<group>";
		};
		B51E8DAC1D00E76300460028 = {
			isa = PBXGroup;
			children = (
				B51E8DB71D00E76300460028 /* WasteTimeRecognizer */,
				B51E8DCC1D00E76300460028 /* WasteTimeRecognizerTests */,
				B51E8DD71D00E76300460028 /* WasteTimeRecognizerUITests */,
				B51E8DB61D00E76300460028 /* Products */,
				8812B9F80D3AA8B4033F876A /* Pods */,
				D8EF9F0DDD714A614423C367 /* Frameworks */,
			);
			sourceTree = "<group>";
		};
		B51E8DB61D00E76300460028 /* Products */ = {
			isa = PBXGroup;
			children = (
				B51E8DB51D00E76300460028 /* WasteTimeRecognizer.app */,
				B51E8DC91D00E76300460028 /* WasteTimeRecognizerTests.xctest */,
				B51E8DD41D00E76300460028 /* WasteTimeRecognizerUITests.xctest */,
			);
			name = Products;
			sourceTree = "<group>";
		};
		B51E8DB71D00E76300460028 /* WasteTimeRecognizer */ = {
			isa = PBXGroup;
			children = (
				B51E8DB81D00E76300460028 /* AppDelegate.swift */,
				B5EA70EC1D038F380073CEB2 /* Common */,
				B50028651D033543006AFDAD /* Utils */,
				B52595181D00F0EE00C04060 /* Extensions */,
				B525950E1D00E93E00C04060 /* DataLayer */,
				B525950C1D00E92600C04060 /* Models */,
				B52595091D00E8FA00C04060 /* Controllers */,
				B525950B1D00E91200C04060 /* Views */,
				B525950A1D00E90600C04060 /* Resources */,
				B525950D1D00E93000C04060 /* Supporting files */,
			);
			path = WasteTimeRecognizer;
			sourceTree = "<group>";
		};
		B51E8DCC1D00E76300460028 /* WasteTimeRecognizerTests */ = {
			isa = PBXGroup;
			children = (
				B51E8DCD1D00E76300460028 /* WasteTimeRecognizerTests.swift */,
				B50028681D035AE8006AFDAD /* NSDateExtensionTest.swift */,
				B5EA70E81D036BF20073CEB2 /* DataManagerTest.swift */,
				B5EA70F31D03981C0073CEB2 /* WeekDayTest.swift */,
				B51E8DCF1D00E76300460028 /* Info.plist */,
			);
			path = WasteTimeRecognizerTests;
			sourceTree = "<group>";
		};
		B51E8DD71D00E76300460028 /* WasteTimeRecognizerUITests */ = {
			isa = PBXGroup;
			children = (
				B51E8DD81D00E76300460028 /* WasteTimeRecognizerUITests.swift */,
				B51E8DDA1D00E76300460028 /* Info.plist */,
			);
			path = WasteTimeRecognizerUITests;
			sourceTree = "<group>";
		};
		B52595091D00E8FA00C04060 /* Controllers */ = {
			isa = PBXGroup;
			children = (
				B51E8DBA1D00E76300460028 /* NotesViewController.swift */,
				B52595121D00ED6900C04060 /* AddNoteViewController.swift */,
			);
			name = Controllers;
			sourceTree = "<group>";
		};
		B525950A1D00E90600C04060 /* Resources */ = {
			isa = PBXGroup;
			children = (
				B51E8DBF1D00E76300460028 /* Assets.xcassets */,
			);
			name = Resources;
			sourceTree = "<group>";
		};
		B525950B1D00E91200C04060 /* Views */ = {
			isa = PBXGroup;
			children = (
				B525950F1D00EB8B00C04060 /* CustomViews */,
				B51E8DBC1D00E76300460028 /* Main.storyboard */,
				B51E8DC11D00E76300460028 /* LaunchScreen.storyboard */,
			);
			name = Views;
			sourceTree = "<group>";
		};
		B525950C1D00E92600C04060 /* Models */ = {
			isa = PBXGroup;
			children = (
				B52595141D00EEC300C04060 /* Note.swift */,
				B5EA70EA1D038BA90073CEB2 /* WeekDay.swift */,
			);
			name = Models;
			sourceTree = "<group>";
		};
		B525950D1D00E93000C04060 /* Supporting files */ = {
			isa = PBXGroup;
			children = (
				B51E8DC41D00E76300460028 /* Info.plist */,
			);
			name = "Supporting files";
			sourceTree = "<group>";
		};
		B525950E1D00E93E00C04060 /* DataLayer */ = {
			isa = PBXGroup;
			children = (
				B52595161D00EF0000C04060 /* DataManager.swift */,
			);
			name = DataLayer;
			sourceTree = "<group>";
		};
		B525950F1D00EB8B00C04060 /* CustomViews */ = {
			isa = PBXGroup;
			children = (
				B52595101D00EB9800C04060 /* NoteCell.swift */,
			);
			name = CustomViews;
			sourceTree = "<group>";
		};
		B52595181D00F0EE00C04060 /* Extensions */ = {
			isa = PBXGroup;
			children = (
				B52595191D00F11700C04060 /* NSDate+WTR.swift */,
			);
			name = Extensions;
			sourceTree = "<group>";
		};
		B5EA70EC1D038F380073CEB2 /* Common */ = {
			isa = PBXGroup;
			children = (
				B5EA70ED1D038F4E0073CEB2 /* ToStringConvertible.swift */,
				B5EA70EF1D0394790073CEB2 /* Misc.swift */,
			);
			name = Common;
			sourceTree = "<group>";
		};
		D8EF9F0DDD714A614423C367 /* Frameworks */ = {
			isa = PBXGroup;
			children = (
				F062B6772AEAA0929990006D /* Pods_WasteTimeRecognizer.framework */,
				27D329328D43927745BB05CC /* Pods_WasteTimeRecognizerTests.framework */,
				58D287B7D91564F9C6025B51 /* Pods_WasteTimeRecognizerUITests.framework */,
			);
			name = Frameworks;
			sourceTree = "<group>";
		};
/* End PBXGroup section */

/* Begin PBXNativeTarget section */
		B51E8DB41D00E76300460028 /* WasteTimeRecognizer */ = {
			isa = PBXNativeTarget;
			buildConfigurationList = B51E8DDD1D00E76300460028 /* Build configuration list for PBXNativeTarget "WasteTimeRecognizer" */;
			buildPhases = (
				1282E3CBA436D01C535697E8 /* 📦 Check Pods Manifest.lock */,
				B51E8DB11D00E76300460028 /* Sources */,
				B51E8DB21D00E76300460028 /* Frameworks */,
				B51E8DB31D00E76300460028 /* Resources */,
				8420275E5CC9140783F6A169 /* 📦 Embed Pods Frameworks */,
				E8FD6CDFA5C6690B6BECE0EB /* 📦 Copy Pods Resources */,
			);
			buildRules = (
			);
			dependencies = (
			);
			name = WasteTimeRecognizer;
			productName = WasteTimeRecognizer;
			productReference = B51E8DB51D00E76300460028 /* WasteTimeRecognizer.app */;
			productType = "com.apple.product-type.application";
		};
		B51E8DC81D00E76300460028 /* WasteTimeRecognizerTests */ = {
			isa = PBXNativeTarget;
			buildConfigurationList = B51E8DE01D00E76300460028 /* Build configuration list for PBXNativeTarget "WasteTimeRecognizerTests" */;
			buildPhases = (
				3F594452F746CFF12E89D635 /* 📦 Check Pods Manifest.lock */,
				B51E8DC51D00E76300460028 /* Sources */,
				B51E8DC61D00E76300460028 /* Frameworks */,
				B51E8DC71D00E76300460028 /* Resources */,
				A7F0707AC02FCF54106BEFC2 /* 📦 Embed Pods Frameworks */,
				44B576F5197A0C1DBF43EAE6 /* 📦 Copy Pods Resources */,
			);
			buildRules = (
			);
			dependencies = (
				B51E8DCB1D00E76300460028 /* PBXTargetDependency */,
			);
			name = WasteTimeRecognizerTests;
			productName = WasteTimeRecognizerTests;
			productReference = B51E8DC91D00E76300460028 /* WasteTimeRecognizerTests.xctest */;
			productType = "com.apple.product-type.bundle.unit-test";
		};
		B51E8DD31D00E76300460028 /* WasteTimeRecognizerUITests */ = {
			isa = PBXNativeTarget;
			buildConfigurationList = B51E8DE31D00E76300460028 /* Build configuration list for PBXNativeTarget "WasteTimeRecognizerUITests" */;
			buildPhases = (
				0BCE4510EBA1A7B08FAFB99F /* 📦 Check Pods Manifest.lock */,
				B51E8DD01D00E76300460028 /* Sources */,
				B51E8DD11D00E76300460028 /* Frameworks */,
				B51E8DD21D00E76300460028 /* Resources */,
				EE5FE959ABC926E410AA0514 /* 📦 Copy Pods Resources */,
			);
			buildRules = (
			);
			dependencies = (
				B51E8DD61D00E76300460028 /* PBXTargetDependency */,
			);
			name = WasteTimeRecognizerUITests;
			productName = WasteTimeRecognizerUITests;
			productReference = B51E8DD41D00E76300460028 /* WasteTimeRecognizerUITests.xctest */;
			productType = "com.apple.product-type.bundle.ui-testing";
		};
/* End PBXNativeTarget section */

/* Begin PBXProject section */
		B51E8DAD1D00E76300460028 /* Project object */ = {
			isa = PBXProject;
			attributes = {
				LastSwiftUpdateCheck = 0730;
				LastUpgradeCheck = 0730;
				ORGANIZATIONNAME = "Roman Sorochak";
				TargetAttributes = {
					B51E8DB41D00E76300460028 = {
						CreatedOnToolsVersion = 7.3.1;
					};
					B51E8DC81D00E76300460028 = {
						CreatedOnToolsVersion = 7.3.1;
						TestTargetID = B51E8DB41D00E76300460028;
					};
					B51E8DD31D00E76300460028 = {
						CreatedOnToolsVersion = 7.3.1;
						TestTargetID = B51E8DB41D00E76300460028;
					};
				};
			};
			buildConfigurationList = B51E8DB01D00E76300460028 /* Build configuration list for PBXProject "WasteTimeRecognizer" */;
			compatibilityVersion = "Xcode 3.2";
			developmentRegion = English;
			hasScannedForEncodings = 0;
			knownRegions = (
				en,
				Base,
			);
			mainGroup = B51E8DAC1D00E76300460028;
			productRefGroup = B51E8DB61D00E76300460028 /* Products */;
			projectDirPath = "";
			projectRoot = "";
			targets = (
				B51E8DB41D00E76300460028 /* WasteTimeRecognizer */,
				B51E8DC81D00E76300460028 /* WasteTimeRecognizerTests */,
				B51E8DD31D00E76300460028 /* WasteTimeRecognizerUITests */,
			);
		};
/* End PBXProject section */

/* Begin PBXResourcesBuildPhase section */
		B51E8DB31D00E76300460028 /* Resources */ = {
			isa = PBXResourcesBuildPhase;
			buildActionMask = 2147483647;
			files = (
				B51E8DC31D00E76300460028 /* LaunchScreen.storyboard in Resources */,
				B51E8DC01D00E76300460028 /* Assets.xcassets in Resources */,
				B51E8DBE1D00E76300460028 /* Main.storyboard in Resources */,
			);
			runOnlyForDeploymentPostprocessing = 0;
		};
		B51E8DC71D00E76300460028 /* Resources */ = {
			isa = PBXResourcesBuildPhase;
			buildActionMask = 2147483647;
			files = (
			);
			runOnlyForDeploymentPostprocessing = 0;
		};
		B51E8DD21D00E76300460028 /* Resources */ = {
			isa = PBXResourcesBuildPhase;
			buildActionMask = 2147483647;
			files = (
			);
			runOnlyForDeploymentPostprocessing = 0;
		};
/* End PBXResourcesBuildPhase section */

/* Begin PBXShellScriptBuildPhase section */
		0BCE4510EBA1A7B08FAFB99F /* 📦 Check Pods Manifest.lock */ = {
			isa = PBXShellScriptBuildPhase;
			buildActionMask = 2147483647;
			files = (
			);
			inputPaths = (
			);
			name = "📦 Check Pods Manifest.lock";
			outputPaths = (
			);
			runOnlyForDeploymentPostprocessing = 0;
			shellPath = /bin/sh;
			shellScript = "diff \"${PODS_ROOT}/../Podfile.lock\" \"${PODS_ROOT}/Manifest.lock\" > /dev/null\nif [[ $? != 0 ]] ; then\n    cat << EOM\nerror: The sandbox is not in sync with the Podfile.lock. Run 'pod install' or update your CocoaPods installation.\nEOM\n    exit 1\nfi\n";
			showEnvVarsInLog = 0;
		};
		1282E3CBA436D01C535697E8 /* 📦 Check Pods Manifest.lock */ = {
			isa = PBXShellScriptBuildPhase;
			buildActionMask = 2147483647;
			files = (
			);
			inputPaths = (
			);
			name = "📦 Check Pods Manifest.lock";
			outputPaths = (
			);
			runOnlyForDeploymentPostprocessing = 0;
			shellPath = /bin/sh;
			shellScript = "diff \"${PODS_ROOT}/../Podfile.lock\" \"${PODS_ROOT}/Manifest.lock\" > /dev/null\nif [[ $? != 0 ]] ; then\n    cat << EOM\nerror: The sandbox is not in sync with the Podfile.lock. Run 'pod install' or update your CocoaPods installation.\nEOM\n    exit 1\nfi\n";
			showEnvVarsInLog = 0;
		};
		3F594452F746CFF12E89D635 /* 📦 Check Pods Manifest.lock */ = {
			isa = PBXShellScriptBuildPhase;
			buildActionMask = 2147483647;
			files = (
			);
			inputPaths = (
			);
			name = "📦 Check Pods Manifest.lock";
			outputPaths = (
			);
			runOnlyForDeploymentPostprocessing = 0;
			shellPath = /bin/sh;
			shellScript = "diff \"${PODS_ROOT}/../Podfile.lock\" \"${PODS_ROOT}/Manifest.lock\" > /dev/null\nif [[ $? != 0 ]] ; then\n    cat << EOM\nerror: The sandbox is not in sync with the Podfile.lock. Run 'pod install' or update your CocoaPods installation.\nEOM\n    exit 1\nfi\n";
			showEnvVarsInLog = 0;
		};
		44B576F5197A0C1DBF43EAE6 /* 📦 Copy Pods Resources */ = {
			isa = PBXShellScriptBuildPhase;
			buildActionMask = 2147483647;
			files = (
			);
			inputPaths = (
			);
			name = "📦 Copy Pods Resources";
			outputPaths = (
			);
			runOnlyForDeploymentPostprocessing = 0;
			shellPath = /bin/sh;
			shellScript = "\"${SRCROOT}/Pods/Target Support Files/Pods-WasteTimeRecognizerTests/Pods-WasteTimeRecognizerTests-resources.sh\"\n";
			showEnvVarsInLog = 0;
		};
		8420275E5CC9140783F6A169 /* 📦 Embed Pods Frameworks */ = {
			isa = PBXShellScriptBuildPhase;
			buildActionMask = 2147483647;
			files = (
			);
			inputPaths = (
			);
			name = "📦 Embed Pods Frameworks";
			outputPaths = (
			);
			runOnlyForDeploymentPostprocessing = 0;
			shellPath = /bin/sh;
			shellScript = "\"${SRCROOT}/Pods/Target Support Files/Pods-WasteTimeRecognizer/Pods-WasteTimeRecognizer-frameworks.sh\"\n";
			showEnvVarsInLog = 0;
		};
		A7F0707AC02FCF54106BEFC2 /* 📦 Embed Pods Frameworks */ = {
			isa = PBXShellScriptBuildPhase;
			buildActionMask = 2147483647;
			files = (
			);
			inputPaths = (
			);
			name = "📦 Embed Pods Frameworks";
			outputPaths = (
			);
			runOnlyForDeploymentPostprocessing = 0;
			shellPath = /bin/sh;
			shellScript = "\"${SRCROOT}/Pods/Target Support Files/Pods-WasteTimeRecognizerTests/Pods-WasteTimeRecognizerTests-frameworks.sh\"\n";
			showEnvVarsInLog = 0;
		};
		E8FD6CDFA5C6690B6BECE0EB /* 📦 Copy Pods Resources */ = {
			isa = PBXShellScriptBuildPhase;
			buildActionMask = 2147483647;
			files = (
			);
			inputPaths = (
			);
			name = "📦 Copy Pods Resources";
			outputPaths = (
			);
			runOnlyForDeploymentPostprocessing = 0;
			shellPath = /bin/sh;
			shellScript = "\"${SRCROOT}/Pods/Target Support Files/Pods-WasteTimeRecognizer/Pods-WasteTimeRecognizer-resources.sh\"\n";
			showEnvVarsInLog = 0;
		};
		EE5FE959ABC926E410AA0514 /* 📦 Copy Pods Resources */ = {
			isa = PBXShellScriptBuildPhase;
			buildActionMask = 2147483647;
			files = (
			);
			inputPaths = (
			);
			name = "📦 Copy Pods Resources";
			outputPaths = (
			);
			runOnlyForDeploymentPostprocessing = 0;
			shellPath = /bin/sh;
			shellScript = "\"${SRCROOT}/Pods/Target Support Files/Pods-WasteTimeRecognizerUITests/Pods-WasteTimeRecognizerUITests-resources.sh\"\n";
			showEnvVarsInLog = 0;
		};
/* End PBXShellScriptBuildPhase section */

/* Begin PBXSourcesBuildPhase section */
		B51E8DB11D00E76300460028 /* Sources */ = {
			isa = PBXSourcesBuildPhase;
			buildActionMask = 2147483647;
			files = (
				B525951A1D00F11700C04060 /* NSDate+WTR.swift in Sources */,
				B5EA70EE1D038F4E0073CEB2 /* ToStringConvertible.swift in Sources */,
				B52595151D00EEC300C04060 /* Note.swift in Sources */,
				B52595171D00EF0000C04060 /* DataManager.swift in Sources */,
				B50028671D03355B006AFDAD /* NotificationCenter.swift in Sources */,
				B5EA70F01D0394790073CEB2 /* Misc.swift in Sources */,
				B52595131D00ED6900C04060 /* AddNoteViewController.swift in Sources */,
				B52595111D00EB9800C04060 /* NoteCell.swift in Sources */,
				B51E8DBB1D00E76300460028 /* NotesViewController.swift in Sources */,
				B5EA70EB1D038BA90073CEB2 /* WeekDay.swift in Sources */,
				B51E8DB91D00E76300460028 /* AppDelegate.swift in Sources */,
			);
			runOnlyForDeploymentPostprocessing = 0;
		};
		B51E8DC51D00E76300460028 /* Sources */ = {
			isa = PBXSourcesBuildPhase;
			buildActionMask = 2147483647;
			files = (
				B5EA70E91D036BF20073CEB2 /* DataManagerTest.swift in Sources */,
				B50028691D035AE8006AFDAD /* NSDateExtensionTest.swift in Sources */,
				B5EA70F41D03981C0073CEB2 /* WeekDayTest.swift in Sources */,
				B51E8DCE1D00E76300460028 /* WasteTimeRecognizerTests.swift in Sources */,
			);
			runOnlyForDeploymentPostprocessing = 0;
		};
		B51E8DD01D00E76300460028 /* Sources */ = {
			isa = PBXSourcesBuildPhase;
			buildActionMask = 2147483647;
			files = (
				B51E8DD91D00E76300460028 /* WasteTimeRecognizerUITests.swift in Sources */,
			);
			runOnlyForDeploymentPostprocessing = 0;
		};
/* End PBXSourcesBuildPhase section */

/* Begin PBXTargetDependency section */
		B51E8DCB1D00E76300460028 /* PBXTargetDependency */ = {
			isa = PBXTargetDependency;
			target = B51E8DB41D00E76300460028 /* WasteTimeRecognizer */;
			targetProxy = B51E8DCA1D00E76300460028 /* PBXContainerItemProxy */;
		};
		B51E8DD61D00E76300460028 /* PBXTargetDependency */ = {
			isa = PBXTargetDependency;
			target = B51E8DB41D00E76300460028 /* WasteTimeRecognizer */;
			targetProxy = B51E8DD51D00E76300460028 /* PBXContainerItemProxy */;
		};
/* End PBXTargetDependency section */

/* Begin PBXVariantGroup section */
		B51E8DBC1D00E76300460028 /* Main.storyboard */ = {
			isa = PBXVariantGroup;
			children = (
				B51E8DBD1D00E76300460028 /* Base */,
			);
			name = Main.storyboard;
			sourceTree = "<group>";
		};
		B51E8DC11D00E76300460028 /* LaunchScreen.storyboard */ = {
			isa = PBXVariantGroup;
			children = (
				B51E8DC21D00E76300460028 /* Base */,
			);
			name = LaunchScreen.storyboard;
			sourceTree = "<group>";
		};
/* End PBXVariantGroup section */

/* Begin XCBuildConfiguration section */
		B51E8DDB1D00E76300460028 /* Debug */ = {
			isa = XCBuildConfiguration;
			buildSettings = {
				ALWAYS_SEARCH_USER_PATHS = NO;
				CLANG_ANALYZER_NONNULL = YES;
				CLANG_CXX_LANGUAGE_STANDARD = "gnu++0x";
				CLANG_CXX_LIBRARY = "libc++";
				CLANG_ENABLE_MODULES = YES;
				CLANG_ENABLE_OBJC_ARC = YES;
				CLANG_WARN_BOOL_CONVERSION = YES;
				CLANG_WARN_CONSTANT_CONVERSION = YES;
				CLANG_WARN_DIRECT_OBJC_ISA_USAGE = YES_ERROR;
				CLANG_WARN_EMPTY_BODY = YES;
				CLANG_WARN_ENUM_CONVERSION = YES;
				CLANG_WARN_INT_CONVERSION = YES;
				CLANG_WARN_OBJC_ROOT_CLASS = YES_ERROR;
				CLANG_WARN_UNREACHABLE_CODE = YES;
				CLANG_WARN__DUPLICATE_METHOD_MATCH = YES;
				"CODE_SIGN_IDENTITY[sdk=iphoneos*]" = "iPhone Developer";
				COPY_PHASE_STRIP = NO;
				DEBUG_INFORMATION_FORMAT = dwarf;
				ENABLE_STRICT_OBJC_MSGSEND = YES;
				ENABLE_TESTABILITY = YES;
				GCC_C_LANGUAGE_STANDARD = gnu99;
				GCC_DYNAMIC_NO_PIC = NO;
				GCC_NO_COMMON_BLOCKS = YES;
				GCC_OPTIMIZATION_LEVEL = 0;
				GCC_PREPROCESSOR_DEFINITIONS = (
					"DEBUG=1",
					"$(inherited)",
				);
				GCC_WARN_64_TO_32_BIT_CONVERSION = YES;
				GCC_WARN_ABOUT_RETURN_TYPE = YES_ERROR;
				GCC_WARN_UNDECLARED_SELECTOR = YES;
				GCC_WARN_UNINITIALIZED_AUTOS = YES_AGGRESSIVE;
				GCC_WARN_UNUSED_FUNCTION = YES;
				GCC_WARN_UNUSED_VARIABLE = YES;
				IPHONEOS_DEPLOYMENT_TARGET = 9.3;
				MTL_ENABLE_DEBUG_INFO = YES;
				ONLY_ACTIVE_ARCH = YES;
				SDKROOT = iphoneos;
				SWIFT_OPTIMIZATION_LEVEL = "-Onone";
			};
			name = Debug;
		};
		B51E8DDC1D00E76300460028 /* Release */ = {
			isa = XCBuildConfiguration;
			buildSettings = {
				ALWAYS_SEARCH_USER_PATHS = NO;
				CLANG_ANALYZER_NONNULL = YES;
				CLANG_CXX_LANGUAGE_STANDARD = "gnu++0x";
				CLANG_CXX_LIBRARY = "libc++";
				CLANG_ENABLE_MODULES = YES;
				CLANG_ENABLE_OBJC_ARC = YES;
				CLANG_WARN_BOOL_CONVERSION = YES;
				CLANG_WARN_CONSTANT_CONVERSION = YES;
				CLANG_WARN_DIRECT_OBJC_ISA_USAGE = YES_ERROR;
				CLANG_WARN_EMPTY_BODY = YES;
				CLANG_WARN_ENUM_CONVERSION = YES;
				CLANG_WARN_INT_CONVERSION = YES;
				CLANG_WARN_OBJC_ROOT_CLASS = YES_ERROR;
				CLANG_WARN_UNREACHABLE_CODE = YES;
				CLANG_WARN__DUPLICATE_METHOD_MATCH = YES;
				"CODE_SIGN_IDENTITY[sdk=iphoneos*]" = "iPhone Developer";
				COPY_PHASE_STRIP = NO;
				DEBUG_INFORMATION_FORMAT = "dwarf-with-dsym";
				ENABLE_NS_ASSERTIONS = NO;
				ENABLE_STRICT_OBJC_MSGSEND = YES;
				GCC_C_LANGUAGE_STANDARD = gnu99;
				GCC_NO_COMMON_BLOCKS = YES;
				GCC_WARN_64_TO_32_BIT_CONVERSION = YES;
				GCC_WARN_ABOUT_RETURN_TYPE = YES_ERROR;
				GCC_WARN_UNDECLARED_SELECTOR = YES;
				GCC_WARN_UNINITIALIZED_AUTOS = YES_AGGRESSIVE;
				GCC_WARN_UNUSED_FUNCTION = YES;
				GCC_WARN_UNUSED_VARIABLE = YES;
				IPHONEOS_DEPLOYMENT_TARGET = 9.3;
				MTL_ENABLE_DEBUG_INFO = NO;
				SDKROOT = iphoneos;
				VALIDATE_PRODUCT = YES;
			};
			name = Release;
		};
		B51E8DDE1D00E76300460028 /* Debug */ = {
			isa = XCBuildConfiguration;
			baseConfigurationReference = 6CFFAA97C551A826E68156B1 /* Pods-WasteTimeRecognizer.debug.xcconfig */;
			buildSettings = {
				ASSETCATALOG_COMPILER_APPICON_NAME = AppIcon;
				CODE_SIGN_IDENTITY = "iPhone Developer";
				INFOPLIST_FILE = WasteTimeRecognizer/Info.plist;
				IPHONEOS_DEPLOYMENT_TARGET = 9.0;
				LD_RUNPATH_SEARCH_PATHS = "$(inherited) @executable_path/Frameworks";
				PRODUCT_BUNDLE_IDENTIFIER = salesshtorm.com.WasteTimeRecognizer;
				PRODUCT_NAME = "$(TARGET_NAME)";
			};
			name = Debug;
		};
		B51E8DDF1D00E76300460028 /* Release */ = {
			isa = XCBuildConfiguration;
			baseConfigurationReference = 07FF337EEDC2A4D40BB42FF6 /* Pods-WasteTimeRecognizer.release.xcconfig */;
			buildSettings = {
				ASSETCATALOG_COMPILER_APPICON_NAME = AppIcon;
				CODE_SIGN_IDENTITY = "iPhone Developer";
				INFOPLIST_FILE = WasteTimeRecognizer/Info.plist;
				IPHONEOS_DEPLOYMENT_TARGET = 9.0;
				LD_RUNPATH_SEARCH_PATHS = "$(inherited) @executable_path/Frameworks";
				PRODUCT_BUNDLE_IDENTIFIER = salesshtorm.com.WasteTimeRecognizer;
				PRODUCT_NAME = "$(TARGET_NAME)";
			};
			name = Release;
		};
		B51E8DE11D00E76300460028 /* Debug */ = {
			isa = XCBuildConfiguration;
			baseConfigurationReference = 79ED8C689A2E40A4F92677E5 /* Pods-WasteTimeRecognizerTests.debug.xcconfig */;
			buildSettings = {
				BUNDLE_LOADER = "$(TEST_HOST)";
				INFOPLIST_FILE = WasteTimeRecognizerTests/Info.plist;
				LD_RUNPATH_SEARCH_PATHS = "$(inherited) @executable_path/Frameworks @loader_path/Frameworks";
				PRODUCT_BUNDLE_IDENTIFIER = salesshtorm.com.WasteTimeRecognizerTests;
				PRODUCT_NAME = "$(TARGET_NAME)";
				TEST_HOST = "$(BUILT_PRODUCTS_DIR)/WasteTimeRecognizer.app/WasteTimeRecognizer";
			};
			name = Debug;
		};
		B51E8DE21D00E76300460028 /* Release */ = {
			isa = XCBuildConfiguration;
			baseConfigurationReference = 834F3BB5C1FA82C75DFA7409 /* Pods-WasteTimeRecognizerTests.release.xcconfig */;
			buildSettings = {
				BUNDLE_LOADER = "$(TEST_HOST)";
				INFOPLIST_FILE = WasteTimeRecognizerTests/Info.plist;
				LD_RUNPATH_SEARCH_PATHS = "$(inherited) @executable_path/Frameworks @loader_path/Frameworks";
				PRODUCT_BUNDLE_IDENTIFIER = salesshtorm.com.WasteTimeRecognizerTests;
				PRODUCT_NAME = "$(TARGET_NAME)";
				TEST_HOST = "$(BUILT_PRODUCTS_DIR)/WasteTimeRecognizer.app/WasteTimeRecognizer";
			};
			name = Release;
		};
		B51E8DE41D00E76300460028 /* Debug */ = {
			isa = XCBuildConfiguration;
			baseConfigurationReference = E965C7534A88C248506FFED9 /* Pods-WasteTimeRecognizerUITests.debug.xcconfig */;
			buildSettings = {
				INFOPLIST_FILE = WasteTimeRecognizerUITests/Info.plist;
				LD_RUNPATH_SEARCH_PATHS = "$(inherited) @executable_path/Frameworks @loader_path/Frameworks";
				PRODUCT_BUNDLE_IDENTIFIER = salesshtorm.com.WasteTimeRecognizerUITests;
				PRODUCT_NAME = "$(TARGET_NAME)";
				TEST_TARGET_NAME = WasteTimeRecognizer;
			};
			name = Debug;
		};
		B51E8DE51D00E76300460028 /* Release */ = {
			isa = XCBuildConfiguration;
			baseConfigurationReference = 3CDEF132CF37A94BBC2DF8CA /* Pods-WasteTimeRecognizerUITests.release.xcconfig */;
			buildSettings = {
				INFOPLIST_FILE = WasteTimeRecognizerUITests/Info.plist;
				LD_RUNPATH_SEARCH_PATHS = "$(inherited) @executable_path/Frameworks @loader_path/Frameworks";
				PRODUCT_BUNDLE_IDENTIFIER = salesshtorm.com.WasteTimeRecognizerUITests;
				PRODUCT_NAME = "$(TARGET_NAME)";
				TEST_TARGET_NAME = WasteTimeRecognizer;
			};
			name = Release;
		};
/* End XCBuildConfiguration section */

/* Begin XCConfigurationList section */
		B51E8DB01D00E76300460028 /* Build configuration list for PBXProject "WasteTimeRecognizer" */ = {
			isa = XCConfigurationList;
			buildConfigurations = (
				B51E8DDB1D00E76300460028 /* Debug */,
				B51E8DDC1D00E76300460028 /* Release */,
			);
			defaultConfigurationIsVisible = 0;
			defaultConfigurationName = Release;
		};
		B51E8DDD1D00E76300460028 /* Build configuration list for PBXNativeTarget "WasteTimeRecognizer" */ = {
			isa = XCConfigurationList;
			buildConfigurations = (
				B51E8DDE1D00E76300460028 /* Debug */,
				B51E8DDF1D00E76300460028 /* Release */,
			);
			defaultConfigurationIsVisible = 0;
			defaultConfigurationName = Release;
		};
		B51E8DE01D00E76300460028 /* Build configuration list for PBXNativeTarget "WasteTimeRecognizerTests" */ = {
			isa = XCConfigurationList;
			buildConfigurations = (
				B51E8DE11D00E76300460028 /* Debug */,
				B51E8DE21D00E76300460028 /* Release */,
			);
			defaultConfigurationIsVisible = 0;
			defaultConfigurationName = Release;
		};
		B51E8DE31D00E76300460028 /* Build configuration list for PBXNativeTarget "WasteTimeRecognizerUITests" */ = {
			isa = XCConfigurationList;
			buildConfigurations = (
				B51E8DE41D00E76300460028 /* Debug */,
				B51E8DE51D00E76300460028 /* Release */,
			);
			defaultConfigurationIsVisible = 0;
			defaultConfigurationName = Release;
		};
/* End XCConfigurationList section */
	};
	rootObject = B51E8DAD1D00E76300460028 /* Project object */;
}
